
Microsoft Visual Studio Solution File, Format Version 12.00
# Visual Studio Version 16
VisualStudioVersion = 16.0.31911.196
MinimumVisualStudioVersion = 10.0.40219.1
Project("{FAE04EC0-301F-11D3-BF4B-00C04F79EFBC}") = "WebMajasdarbs", "WebMajasdarbs\WebMajasdarbs.csproj", "{DCA55F15-92DF-40AD-BF11-E077B0D5C027}"
EndProject
Global
	GlobalSection(SolutionConfigurationPlatforms) = preSolution
		Debug|Any CPU = Debug|Any CPU
		Release|Any CPU = Release|Any CPU
	EndGlobalSection
	GlobalSection(ProjectConfigurationPlatforms) = postSolution
		{DCA55F15-92DF-40AD-BF11-E077B0D5C027}.Debug|Any CPU.ActiveCfg = Debug|Any CPU
		{DCA55F15-92DF-40AD-BF11-E077B0D5C027}.Debug|Any CPU.Build.0 = Debug|Any CPU
		{DCA55F15-92DF-40AD-BF11-E077B0D5C027}.Release|Any CPU.ActiveCfg = Release|Any CPU
		{DCA55F15-92DF-40AD-BF11-E077B0D5C027}.Release|Any CPU.Build.0 = Release|Any CPU
	EndGlobalSection
	GlobalSection(SolutionProperties) = preSolution
		HideSolutionNode = FALSE
	EndGlobalSection
	GlobalSection(ExtensibilityGlobals) = postSolution
		SolutionGuid = {5BE3CB76-9ED9-4038-8668-DE31F886F7A7}
	EndGlobalSection
EndGlobal
